
Microsoft Visual Studio Solution File, Format Version 12.00
# Visual Studio 15
VisualStudioVersion = 15.0.28010.2041
MinimumVisualStudioVersion = 10.0.40219.1
Project("{9A19103F-16F7-4668-BE54-9A1E7A4F7556}") = "DeathBringer.Terminal", "DeathBringer.Terminal\DeathBringer.Terminal.csproj", "{4081696D-267E-4A88-9054-241A77AF16D4}"
EndProject
Project("{9A19103F-16F7-4668-BE54-9A1E7A4F7556}") = "DeathBringer.Core", "DeathBringer.Core\DeathBringer.Core.csproj", "{08D91478-929B-43AA-AC12-1A6D21203B08}"
EndProject
Project("{9A19103F-16F7-4668-BE54-9A1E7A4F7556}") = "DeathBringer.Server", "DeathBringer.Server\DeathBringer.Server.csproj", "{40740F1B-73B5-4E2F-A527-CB157B01DCA2}"
EndProject
Project("{9A19103F-16F7-4668-BE54-9A1E7A4F7556}") = "DeathBringer.Core.Tests", "DeathBringer.Core.Tests\DeathBringer.Core.Tests.csproj", "{C2BC4761-8F7C-4DA8-975D-1B053CEDC557}"
EndProject
Project("{9A19103F-16F7-4668-BE54-9A1E7A4F7556}") = "DeathBringer.Mvc", "DeathBringer.Mvc\DeathBringer.Mvc.csproj", "{D6B88CC0-D6BB-4620-B9B1-4D28E786AAAA}"
EndProject
Project("{FAE04EC0-301F-11D3-BF4B-00C04F79EFBC}") = "DeathBringer.EntityFramework", "DeathBringer.EntityFramework\DeathBringer.EntityFramework.csproj", "{16ED1FB3-7ABC-420C-AF00-7605F1FCADF1}"
EndProject
Global
	GlobalSection(SolutionConfigurationPlatforms) = preSolution
		Debug|Any CPU = Debug|Any CPU
		Release|Any CPU = Release|Any CPU
	EndGlobalSection
	GlobalSection(ProjectConfigurationPlatforms) = postSolution
		{4081696D-267E-4A88-9054-241A77AF16D4}.Debug|Any CPU.ActiveCfg = Debug|Any CPU
		{4081696D-267E-4A88-9054-241A77AF16D4}.Debug|Any CPU.Build.0 = Debug|Any CPU
		{4081696D-267E-4A88-9054-241A77AF16D4}.Release|Any CPU.ActiveCfg = Release|Any CPU
		{4081696D-267E-4A88-9054-241A77AF16D4}.Release|Any CPU.Build.0 = Release|Any CPU
		{08D91478-929B-43AA-AC12-1A6D21203B08}.Debug|Any CPU.ActiveCfg = Debug|Any CPU
		{08D91478-929B-43AA-AC12-1A6D21203B08}.Debug|Any CPU.Build.0 = Debug|Any CPU
		{08D91478-929B-43AA-AC12-1A6D21203B08}.Release|Any CPU.ActiveCfg = Release|Any CPU
		{08D91478-929B-43AA-AC12-1A6D21203B08}.Release|Any CPU.Build.0 = Release|Any CPU
		{40740F1B-73B5-4E2F-A527-CB157B01DCA2}.Debug|Any CPU.ActiveCfg = Debug|Any CPU
		{40740F1B-73B5-4E2F-A527-CB157B01DCA2}.Debug|Any CPU.Build.0 = Debug|Any CPU
		{40740F1B-73B5-4E2F-A527-CB157B01DCA2}.Release|Any CPU.ActiveCfg = Release|Any CPU
		{40740F1B-73B5-4E2F-A527-CB157B01DCA2}.Release|Any CPU.Build.0 = Release|Any CPU
		{C2BC4761-8F7C-4DA8-975D-1B053CEDC557}.Debug|Any CPU.ActiveCfg = Debug|Any CPU
		{C2BC4761-8F7C-4DA8-975D-1B053CEDC557}.Debug|Any CPU.Build.0 = Debug|Any CPU
		{C2BC4761-8F7C-4DA8-975D-1B053CEDC557}.Release|Any CPU.ActiveCfg = Release|Any CPU
		{C2BC4761-8F7C-4DA8-975D-1B053CEDC557}.Release|Any CPU.Build.0 = Release|Any CPU
		{D6B88CC0-D6BB-4620-B9B1-4D28E786AAAA}.Debug|Any CPU.ActiveCfg = Debug|Any CPU
		{D6B88CC0-D6BB-4620-B9B1-4D28E786AAAA}.Debug|Any CPU.Build.0 = Debug|Any CPU
		{D6B88CC0-D6BB-4620-B9B1-4D28E786AAAA}.Release|Any CPU.ActiveCfg = Release|Any CPU
		{D6B88CC0-D6BB-4620-B9B1-4D28E786AAAA}.Release|Any CPU.Build.0 = Release|Any CPU
		{16ED1FB3-7ABC-420C-AF00-7605F1FCADF1}.Debug|Any CPU.ActiveCfg = Debug|Any CPU
		{16ED1FB3-7ABC-420C-AF00-7605F1FCADF1}.Debug|Any CPU.Build.0 = Debug|Any CPU
		{16ED1FB3-7ABC-420C-AF00-7605F1FCADF1}.Release|Any CPU.ActiveCfg = Release|Any CPU
		{16ED1FB3-7ABC-420C-AF00-7605F1FCADF1}.Release|Any CPU.Build.0 = Release|Any CPU
	EndGlobalSection
	GlobalSection(SolutionProperties) = preSolution
		HideSolutionNode = FALSE
	EndGlobalSection
	GlobalSection(ExtensibilityGlobals) = postSolution
		SolutionGuid = {432EBC5B-C3AC-4FAB-99CA-8CEE3136044C}
	EndGlobalSection
EndGlobal
