
Microsoft Visual Studio Solution File, Format Version 12.00
# Visual Studio 15
VisualStudioVersion = 15.0.28010.2041
MinimumVisualStudioVersion = 10.0.40219.1
Project("{9A19103F-16F7-4668-BE54-9A1E7A4F7556}") = "DeathBringer.Terminal", "DeathBringer.Terminal\DeathBringer.Terminal.csproj", "{4081696D-267E-4A88-9054-241A77AF16D4}"
EndProject
Project("{9A19103F-16F7-4668-BE54-9A1E7A4F7556}") = "DeathBringer.Core", "DeathBringer.Core\DeathBringer.Core.csproj", "{08D91478-929B-43AA-AC12-1A6D21203B08}"
EndProject
Project("{9A19103F-16F7-4668-BE54-9A1E7A4F7556}") = "DeathBringer.Server", "DeathBringer.Server\DeathBringer.Server.csproj", "{40740F1B-73B5-4E2F-A527-CB157B01DCA2}"
EndProject
Project("{9A19103F-16F7-4668-BE54-9A1E7A4F7556}") = "DeathBringer.Core.Tests", "DeathBringer.Core.Tests\DeathBringer.Core.Tests.csproj", "{C2BC4761-8F7C-4DA8-975D-1B053CEDC557}"
EndProject
Project("{9A19103F-16F7-4668-BE54-9A1E7A4F7556}") = "DeathBringer.Mvc", "DeathBringer.Mvc\DeathBringer.Mvc.csproj", "{D6B88CC0-D6BB-4620-B9B1-4D28E786AAAA}"
EndProject
Project("{9A19103F-16F7-4668-BE54-9A1E7A4F7556}") = "DeathBringer.EntityFramework.Tests", "DeathBringer.EntityFramework.Tests\DeathBringer.EntityFramework.Tests.csproj", "{685AA30D-6748-497E-B2B5-819A5CF415A8}"
EndProject
Project("{9A19103F-16F7-4668-BE54-9A1E7A4F7556}") = "DeathBringer.Api", "DeathBringer.Api\DeathBringer.Api.csproj", "{4F691D75-A658-44B3-9198-CC243DE7EA53}"
EndProject
Project("{2150E333-8FDC-42A3-9474-1A3956D46DE8}") = "Standard", "Standard", "{1D4B508E-B597-403E-9663-11F3EAB603B6}"
EndProject
Project("{2150E333-8FDC-42A3-9474-1A3956D46DE8}") = "Classic", "Classic", "{239BD1D8-B679-4F73-8559-A34FA8A945EA}"
EndProject
Project("{2150E333-8FDC-42A3-9474-1A3956D46DE8}") = "Core", "Core", "{954C119D-B47C-4877-8ED2-844EE418F515}"
EndProject
Project("{9A19103F-16F7-4668-BE54-9A1E7A4F7556}") = "DeathBringer.Core.EntityFramework", "DeathBringer.Core.EntityFramework\DeathBringer.Core.EntityFramework.csproj", "{43287CBB-6E37-45A5-9933-0C1942A0E586}"
EndProject
Project("{FAE04EC0-301F-11D3-BF4B-00C04F79EFBC}") = "DeathBringer.Wpf", "DeathBringer.Wpf\DeathBringer.Wpf.csproj", "{FE5AC99D-9988-48A3-B2EF-F4920CDFDB2F}"
EndProject
Project("{FAE04EC0-301F-11D3-BF4B-00C04F79EFBC}") = "Deathbringer.Contracts", "Deathbringer.Contracts\Deathbringer.Contracts.csproj", "{88638814-0075-44FF-8D6F-7FBFD6A3C208}"
EndProject
Project("{FAE04EC0-301F-11D3-BF4B-00C04F79EFBC}") = "DeathBringer.Windows", "DeathBringer.Windows\DeathBringer.Windows.csproj", "{BF522857-9645-4E0A-8D06-4B86544FCAF3}"
EndProject
Global
	GlobalSection(SolutionConfigurationPlatforms) = preSolution
		Debug|Any CPU = Debug|Any CPU
		Release|Any CPU = Release|Any CPU
	EndGlobalSection
	GlobalSection(ProjectConfigurationPlatforms) = postSolution
		{4081696D-267E-4A88-9054-241A77AF16D4}.Debug|Any CPU.ActiveCfg = Debug|Any CPU
		{4081696D-267E-4A88-9054-241A77AF16D4}.Debug|Any CPU.Build.0 = Debug|Any CPU
		{4081696D-267E-4A88-9054-241A77AF16D4}.Release|Any CPU.ActiveCfg = Release|Any CPU
		{4081696D-267E-4A88-9054-241A77AF16D4}.Release|Any CPU.Build.0 = Release|Any CPU
		{08D91478-929B-43AA-AC12-1A6D21203B08}.Debug|Any CPU.ActiveCfg = Debug|Any CPU
		{08D91478-929B-43AA-AC12-1A6D21203B08}.Debug|Any CPU.Build.0 = Debug|Any CPU
		{08D91478-929B-43AA-AC12-1A6D21203B08}.Release|Any CPU.ActiveCfg = Release|Any CPU
		{08D91478-929B-43AA-AC12-1A6D21203B08}.Release|Any CPU.Build.0 = Release|Any CPU
		{40740F1B-73B5-4E2F-A527-CB157B01DCA2}.Debug|Any CPU.ActiveCfg = Debug|Any CPU
		{40740F1B-73B5-4E2F-A527-CB157B01DCA2}.Debug|Any CPU.Build.0 = Debug|Any CPU
		{40740F1B-73B5-4E2F-A527-CB157B01DCA2}.Release|Any CPU.ActiveCfg = Release|Any CPU
		{40740F1B-73B5-4E2F-A527-CB157B01DCA2}.Release|Any CPU.Build.0 = Release|Any CPU
		{C2BC4761-8F7C-4DA8-975D-1B053CEDC557}.Debug|Any CPU.ActiveCfg = Debug|Any CPU
		{C2BC4761-8F7C-4DA8-975D-1B053CEDC557}.Debug|Any CPU.Build.0 = Debug|Any CPU
		{C2BC4761-8F7C-4DA8-975D-1B053CEDC557}.Release|Any CPU.ActiveCfg = Release|Any CPU
		{C2BC4761-8F7C-4DA8-975D-1B053CEDC557}.Release|Any CPU.Build.0 = Release|Any CPU
		{D6B88CC0-D6BB-4620-B9B1-4D28E786AAAA}.Debug|Any CPU.ActiveCfg = Debug|Any CPU
		{D6B88CC0-D6BB-4620-B9B1-4D28E786AAAA}.Debug|Any CPU.Build.0 = Debug|Any CPU
		{D6B88CC0-D6BB-4620-B9B1-4D28E786AAAA}.Release|Any CPU.ActiveCfg = Release|Any CPU
		{D6B88CC0-D6BB-4620-B9B1-4D28E786AAAA}.Release|Any CPU.Build.0 = Release|Any CPU
		{685AA30D-6748-497E-B2B5-819A5CF415A8}.Debug|Any CPU.ActiveCfg = Debug|Any CPU
		{685AA30D-6748-497E-B2B5-819A5CF415A8}.Debug|Any CPU.Build.0 = Debug|Any CPU
		{685AA30D-6748-497E-B2B5-819A5CF415A8}.Release|Any CPU.ActiveCfg = Release|Any CPU
		{685AA30D-6748-497E-B2B5-819A5CF415A8}.Release|Any CPU.Build.0 = Release|Any CPU
		{4F691D75-A658-44B3-9198-CC243DE7EA53}.Debug|Any CPU.ActiveCfg = Debug|Any CPU
		{4F691D75-A658-44B3-9198-CC243DE7EA53}.Debug|Any CPU.Build.0 = Debug|Any CPU
		{4F691D75-A658-44B3-9198-CC243DE7EA53}.Release|Any CPU.ActiveCfg = Release|Any CPU
		{4F691D75-A658-44B3-9198-CC243DE7EA53}.Release|Any CPU.Build.0 = Release|Any CPU
		{43287CBB-6E37-45A5-9933-0C1942A0E586}.Debug|Any CPU.ActiveCfg = Debug|Any CPU
		{43287CBB-6E37-45A5-9933-0C1942A0E586}.Debug|Any CPU.Build.0 = Debug|Any CPU
		{43287CBB-6E37-45A5-9933-0C1942A0E586}.Release|Any CPU.ActiveCfg = Release|Any CPU
		{43287CBB-6E37-45A5-9933-0C1942A0E586}.Release|Any CPU.Build.0 = Release|Any CPU
		{FE5AC99D-9988-48A3-B2EF-F4920CDFDB2F}.Debug|Any CPU.ActiveCfg = Debug|Any CPU
		{FE5AC99D-9988-48A3-B2EF-F4920CDFDB2F}.Debug|Any CPU.Build.0 = Debug|Any CPU
		{FE5AC99D-9988-48A3-B2EF-F4920CDFDB2F}.Release|Any CPU.ActiveCfg = Release|Any CPU
		{FE5AC99D-9988-48A3-B2EF-F4920CDFDB2F}.Release|Any CPU.Build.0 = Release|Any CPU
		{88638814-0075-44FF-8D6F-7FBFD6A3C208}.Debug|Any CPU.ActiveCfg = Debug|Any CPU
		{88638814-0075-44FF-8D6F-7FBFD6A3C208}.Debug|Any CPU.Build.0 = Debug|Any CPU
		{88638814-0075-44FF-8D6F-7FBFD6A3C208}.Release|Any CPU.ActiveCfg = Release|Any CPU
		{88638814-0075-44FF-8D6F-7FBFD6A3C208}.Release|Any CPU.Build.0 = Release|Any CPU
		{BF522857-9645-4E0A-8D06-4B86544FCAF3}.Debug|Any CPU.ActiveCfg = Debug|Any CPU
		{BF522857-9645-4E0A-8D06-4B86544FCAF3}.Debug|Any CPU.Build.0 = Debug|Any CPU
		{BF522857-9645-4E0A-8D06-4B86544FCAF3}.Release|Any CPU.ActiveCfg = Release|Any CPU
		{BF522857-9645-4E0A-8D06-4B86544FCAF3}.Release|Any CPU.Build.0 = Release|Any CPU
	EndGlobalSection
	GlobalSection(SolutionProperties) = preSolution
		HideSolutionNode = FALSE
	EndGlobalSection
	GlobalSection(NestedProjects) = preSolution
		{4081696D-267E-4A88-9054-241A77AF16D4} = {954C119D-B47C-4877-8ED2-844EE418F515}
		{08D91478-929B-43AA-AC12-1A6D21203B08} = {1D4B508E-B597-403E-9663-11F3EAB603B6}
		{40740F1B-73B5-4E2F-A527-CB157B01DCA2} = {954C119D-B47C-4877-8ED2-844EE418F515}
		{C2BC4761-8F7C-4DA8-975D-1B053CEDC557} = {954C119D-B47C-4877-8ED2-844EE418F515}
		{D6B88CC0-D6BB-4620-B9B1-4D28E786AAAA} = {954C119D-B47C-4877-8ED2-844EE418F515}
		{685AA30D-6748-497E-B2B5-819A5CF415A8} = {954C119D-B47C-4877-8ED2-844EE418F515}
		{4F691D75-A658-44B3-9198-CC243DE7EA53} = {954C119D-B47C-4877-8ED2-844EE418F515}
		{43287CBB-6E37-45A5-9933-0C1942A0E586} = {1D4B508E-B597-403E-9663-11F3EAB603B6}
		{FE5AC99D-9988-48A3-B2EF-F4920CDFDB2F} = {239BD1D8-B679-4F73-8559-A34FA8A945EA}
		{88638814-0075-44FF-8D6F-7FBFD6A3C208} = {1D4B508E-B597-403E-9663-11F3EAB603B6}
		{BF522857-9645-4E0A-8D06-4B86544FCAF3} = {239BD1D8-B679-4F73-8559-A34FA8A945EA}
	EndGlobalSection
	GlobalSection(ExtensibilityGlobals) = postSolution
		SolutionGuid = {432EBC5B-C3AC-4FAB-99CA-8CEE3136044C}
	EndGlobalSection
EndGlobal
